// !$*UTF8*$!
{
	archiveVersion = 1;
	classes = {
	};
	objectVersion = 60;
	objects = {

/* Begin PBXBuildFile section */
		0779F0722C514914009D9987 /* SwiftUI_ExamplesApp.swift in Sources */ = {isa = PBXBuildFile; fileRef = 0779F0712C514914009D9987 /* SwiftUI_ExamplesApp.swift */; };
		0779F0742C514914009D9987 /* ContentView.swift in Sources */ = {isa = PBXBuildFile; fileRef = 0779F0732C514914009D9987 /* ContentView.swift */; };
		0779F0762C514915009D9987 /* Assets.xcassets in Resources */ = {isa = PBXBuildFile; fileRef = 0779F0752C514915009D9987 /* Assets.xcassets */; };
		0779F0792C514915009D9987 /* Preview Assets.xcassets in Resources */ = {isa = PBXBuildFile; fileRef = 0779F0782C514915009D9987 /* Preview Assets.xcassets */; };
		0779F0822C514D3C009D9987 /* Video.swift in Sources */ = {isa = PBXBuildFile; fileRef = 0779F0812C514D3C009D9987 /* Video.swift */; };
		0779F0842C514D7E009D9987 /* Sprite.swift in Sources */ = {isa = PBXBuildFile; fileRef = 0779F0832C514D7E009D9987 /* Sprite.swift */; };
		0779F0862C515962009D9987 /* ViewAppearance.swift in Sources */ = {isa = PBXBuildFile; fileRef = 0779F0852C515962009D9987 /* ViewAppearance.swift */; };
		0779F0882C515D1A009D9987 /* Geometry.swift in Sources */ = {isa = PBXBuildFile; fileRef = 0779F0872C515D1A009D9987 /* Geometry.swift */; };
		0779F08A2C529283009D9987 /* Gestures.swift in Sources */ = {isa = PBXBuildFile; fileRef = 0779F0892C529283009D9987 /* Gestures.swift */; };
		0779F08C2C5294B7009D9987 /* TableView.swift in Sources */ = {isa = PBXBuildFile; fileRef = 0779F08B2C5294B7009D9987 /* TableView.swift */; };
		0779F0922C529951009D9987 /* Scroll.swift in Sources */ = {isa = PBXBuildFile; fileRef = 0779F0912C529951009D9987 /* Scroll.swift */; };
		077A07052C52A252000694D1 /* Buttons.swift in Sources */ = {isa = PBXBuildFile; fileRef = 077A07042C52A252000694D1 /* Buttons.swift */; };
		077A07072C52A34E000694D1 /* Pickers.swift in Sources */ = {isa = PBXBuildFile; fileRef = 077A07062C52A34E000694D1 /* Pickers.swift */; };
		077A07092C52A4D4000694D1 /* Colors.swift in Sources */ = {isa = PBXBuildFile; fileRef = 077A07082C52A4D4000694D1 /* Colors.swift */; };
		077A070B2C52A54B000694D1 /* Progresses.swift in Sources */ = {isa = PBXBuildFile; fileRef = 077A070A2C52A54B000694D1 /* Progresses.swift */; };
/* End PBXBuildFile section */

/* Begin PBXFileReference section */
		0779F06E2C514914009D9987 /* SwiftUI Examples.app */ = {isa = PBXFileReference; explicitFileType = wrapper.application; includeInIndex = 0; path = "SwiftUI Examples.app"; sourceTree = BUILT_PRODUCTS_DIR; };
		0779F0712C514914009D9987 /* SwiftUI_ExamplesApp.swift */ = {isa = PBXFileReference; lastKnownFileType = sourcecode.swift; path = SwiftUI_ExamplesApp.swift; sourceTree = "<group>"; };
		0779F0732C514914009D9987 /* ContentView.swift */ = {isa = PBXFileReference; lastKnownFileType = sourcecode.swift; path = ContentView.swift; sourceTree = "<group>"; };
		0779F0752C514915009D9987 /* Assets.xcassets */ = {isa = PBXFileReference; lastKnownFileType = folder.assetcatalog; path = Assets.xcassets; sourceTree = "<group>"; };
		0779F0782C514915009D9987 /* Preview Assets.xcassets */ = {isa = PBXFileReference; lastKnownFileType = folder.assetcatalog; path = "Preview Assets.xcassets"; sourceTree = "<group>"; };
		0779F0812C514D3C009D9987 /* Video.swift */ = {isa = PBXFileReference; lastKnownFileType = sourcecode.swift; path = Video.swift; sourceTree = "<group>"; };
		0779F0832C514D7E009D9987 /* Sprite.swift */ = {isa = PBXFileReference; lastKnownFileType = sourcecode.swift; path = Sprite.swift; sourceTree = "<group>"; };
		0779F0852C515962009D9987 /* ViewAppearance.swift */ = {isa = PBXFileReference; lastKnownFileType = sourcecode.swift; path = ViewAppearance.swift; sourceTree = "<group>"; };
		0779F0872C515D1A009D9987 /* Geometry.swift */ = {isa = PBXFileReference; lastKnownFileType = sourcecode.swift; path = Geometry.swift; sourceTree = "<group>"; };
		0779F0892C529283009D9987 /* Gestures.swift */ = {isa = PBXFileReference; lastKnownFileType = sourcecode.swift; path = Gestures.swift; sourceTree = "<group>"; };
		0779F08B2C5294B7009D9987 /* TableView.swift */ = {isa = PBXFileReference; lastKnownFileType = sourcecode.swift; path = TableView.swift; sourceTree = "<group>"; };
		0779F0912C529951009D9987 /* Scroll.swift */ = {isa = PBXFileReference; lastKnownFileType = sourcecode.swift; path = Scroll.swift; sourceTree = "<group>"; };
		077A07042C52A252000694D1 /* Buttons.swift */ = {isa = PBXFileReference; lastKnownFileType = sourcecode.swift; path = Buttons.swift; sourceTree = "<group>"; };
		077A07062C52A34E000694D1 /* Pickers.swift */ = {isa = PBXFileReference; lastKnownFileType = sourcecode.swift; path = Pickers.swift; sourceTree = "<group>"; };
		077A07082C52A4D4000694D1 /* Colors.swift */ = {isa = PBXFileReference; lastKnownFileType = sourcecode.swift; path = Colors.swift; sourceTree = "<group>"; };
		077A070A2C52A54B000694D1 /* Progresses.swift */ = {isa = PBXFileReference; lastKnownFileType = sourcecode.swift; path = Progresses.swift; sourceTree = "<group>"; };
/* End PBXFileReference section */

/* Begin PBXFrameworksBuildPhase section */
		0779F06B2C514914009D9987 /* Frameworks */ = {
			isa = PBXFrameworksBuildPhase;
			buildActionMask = 2147483647;
			files = (
			);
			runOnlyForDeploymentPostprocessing = 0;
		};
/* End PBXFrameworksBuildPhase section */

/* Begin PBXGroup section */
		0779F0652C514914009D9987 = {
			isa = PBXGroup;
			children = (
				0779F0702C514914009D9987 /* SwiftUI Examples */,
				0779F06F2C514914009D9987 /* Products */,
			);
			sourceTree = "<group>";
		};
		0779F06F2C514914009D9987 /* Products */ = {
			isa = PBXGroup;
			children = (
				0779F06E2C514914009D9987 /* SwiftUI Examples.app */,
			);
			name = Products;
			sourceTree = "<group>";
		};
		0779F0702C514914009D9987 /* SwiftUI Examples */ = {
			isa = PBXGroup;
			children = (
				0779F0712C514914009D9987 /* SwiftUI_ExamplesApp.swift */,
				0779F0732C514914009D9987 /* ContentView.swift */,
				0779F0852C515962009D9987 /* ViewAppearance.swift */,
				0779F0912C529951009D9987 /* Scroll.swift */,
				077A07042C52A252000694D1 /* Buttons.swift */,
				077A07062C52A34E000694D1 /* Pickers.swift */,
				077A07082C52A4D4000694D1 /* Colors.swift */,
				077A070A2C52A54B000694D1 /* Progresses.swift */,
				0779F0872C515D1A009D9987 /* Geometry.swift */,
				0779F0892C529283009D9987 /* Gestures.swift */,
				0779F08B2C5294B7009D9987 /* TableView.swift */,
				0779F0812C514D3C009D9987 /* Video.swift */,
				0779F0832C514D7E009D9987 /* Sprite.swift */,
				0779F0752C514915009D9987 /* Assets.xcassets */,
				0779F0772C514915009D9987 /* Preview Content */,
			);
			path = "SwiftUI Examples";
			sourceTree = "<group>";
		};
		0779F0772C514915009D9987 /* Preview Content */ = {
			isa = PBXGroup;
			children = (
				0779F0782C514915009D9987 /* Preview Assets.xcassets */,
			);
			path = "Preview Content";
			sourceTree = "<group>";
		};
/* End PBXGroup section */

/* Begin PBXNativeTarget section */
		0779F06D2C514914009D9987 /* SwiftUI Examples */ = {
			isa = PBXNativeTarget;
			buildConfigurationList = 0779F07C2C514915009D9987 /* Build configuration list for PBXNativeTarget "SwiftUI Examples" */;
			buildPhases = (
				0779F06A2C514914009D9987 /* Sources */,
				0779F06B2C514914009D9987 /* Frameworks */,
				0779F06C2C514914009D9987 /* Resources */,
			);
			buildRules = (
			);
			dependencies = (
			);
			name = "SwiftUI Examples";
			productName = "SwiftUI Examples";
			productReference = 0779F06E2C514914009D9987 /* SwiftUI Examples.app */;
			productType = "com.apple.product-type.application";
		};
/* End PBXNativeTarget section */

/* Begin PBXProject section */
		0779F0662C514914009D9987 /* Project object */ = {
			isa = PBXProject;
			attributes = {
				BuildIndependentTargetsInParallel = 1;
				LastSwiftUpdateCheck = 1600;
				LastUpgradeCheck = 1600;
				TargetAttributes = {
					0779F06D2C514914009D9987 = {
						CreatedOnToolsVersion = 16.0;
					};
				};
			};
			buildConfigurationList = 0779F0692C514914009D9987 /* Build configuration list for PBXProject "SwiftUI Examples" */;
			compatibilityVersion = "Xcode 15.0";
			developmentRegion = en;
			hasScannedForEncodings = 0;
			knownRegions = (
				en,
				Base,
			);
			mainGroup = 0779F0652C514914009D9987;
			productRefGroup = 0779F06F2C514914009D9987 /* Products */;
			projectDirPath = "";
			projectRoot = "";
			targets = (
				0779F06D2C514914009D9987 /* SwiftUI Examples */,
			);
		};
/* End PBXProject section */

/* Begin PBXResourcesBuildPhase section */
		0779F06C2C514914009D9987 /* Resources */ = {
			isa = PBXResourcesBuildPhase;
			buildActionMask = 2147483647;
			files = (
				0779F0792C514915009D9987 /* Preview Assets.xcassets in Resources */,
				0779F0762C514915009D9987 /* Assets.xcassets in Resources */,
			);
			runOnlyForDeploymentPostprocessing = 0;
		};
/* End PBXResourcesBuildPhase section */

/* Begin PBXSourcesBuildPhase section */
		0779F06A2C514914009D9987 /* Sources */ = {
			isa = PBXSourcesBuildPhase;
			buildActionMask = 2147483647;
			files = (
				0779F0742C514914009D9987 /* ContentView.swift in Sources */,
				077A07092C52A4D4000694D1 /* Colors.swift in Sources */,
				0779F0882C515D1A009D9987 /* Geometry.swift in Sources */,
				0779F0822C514D3C009D9987 /* Video.swift in Sources */,
				0779F0862C515962009D9987 /* ViewAppearance.swift in Sources */,
				0779F0842C514D7E009D9987 /* Sprite.swift in Sources */,
				077A07052C52A252000694D1 /* Buttons.swift in Sources */,
				0779F08C2C5294B7009D9987 /* TableView.swift in Sources */,
				0779F08A2C529283009D9987 /* Gestures.swift in Sources */,
				077A070B2C52A54B000694D1 /* Progresses.swift in Sources */,
				0779F0722C514914009D9987 /* SwiftUI_ExamplesApp.swift in Sources */,
				0779F0922C529951009D9987 /* Scroll.swift in Sources */,
				077A07072C52A34E000694D1 /* Pickers.swift in Sources */,
			);
			runOnlyForDeploymentPostprocessing = 0;
		};
/* End PBXSourcesBuildPhase section */

/* Begin XCBuildConfiguration section */
		0779F07A2C514915009D9987 /* Debug */ = {
			isa = XCBuildConfiguration;
			buildSettings = {
				ALWAYS_SEARCH_USER_PATHS = NO;
				ASSETCATALOG_COMPILER_GENERATE_SWIFT_ASSET_SYMBOL_EXTENSIONS = YES;
				CLANG_ANALYZER_NONNULL = YES;
				CLANG_ANALYZER_NUMBER_OBJECT_CONVERSION = YES_AGGRESSIVE;
				CLANG_CXX_LANGUAGE_STANDARD = "gnu++20";
				CLANG_ENABLE_MODULES = YES;
				CLANG_ENABLE_OBJC_ARC = YES;
				CLANG_ENABLE_OBJC_WEAK = YES;
				CLANG_WARN_BLOCK_CAPTURE_AUTORELEASING = YES;
				CLANG_WARN_BOOL_CONVERSION = YES;
				CLANG_WARN_COMMA = YES;
				CLANG_WARN_CONSTANT_CONVERSION = YES;
				CLANG_WARN_DEPRECATED_OBJC_IMPLEMENTATIONS = YES;
				CLANG_WARN_DIRECT_OBJC_ISA_USAGE = YES_ERROR;
				CLANG_WARN_DOCUMENTATION_COMMENTS = YES;
				CLANG_WARN_EMPTY_BODY = YES;
				CLANG_WARN_ENUM_CONVERSION = YES;
				CLANG_WARN_INFINITE_RECURSION = YES;
				CLANG_WARN_INT_CONVERSION = YES;
				CLANG_WARN_NON_LITERAL_NULL_CONVERSION = YES;
				CLANG_WARN_OBJC_IMPLICIT_RETAIN_SELF = YES;
				CLANG_WARN_OBJC_LITERAL_CONVERSION = YES;
				CLANG_WARN_OBJC_ROOT_CLASS = YES_ERROR;
				CLANG_WARN_QUOTED_INCLUDE_IN_FRAMEWORK_HEADER = YES;
				CLANG_WARN_RANGE_LOOP_ANALYSIS = YES;
				CLANG_WARN_STRICT_PROTOTYPES = YES;
				CLANG_WARN_SUSPICIOUS_MOVE = YES;
				CLANG_WARN_UNGUARDED_AVAILABILITY = YES_AGGRESSIVE;
				CLANG_WARN_UNREACHABLE_CODE = YES;
				CLANG_WARN__DUPLICATE_METHOD_MATCH = YES;
				COPY_PHASE_STRIP = NO;
				DEBUG_INFORMATION_FORMAT = dwarf;
				ENABLE_STRICT_OBJC_MSGSEND = YES;
				ENABLE_TESTABILITY = YES;
				ENABLE_USER_SCRIPT_SANDBOXING = YES;
				GCC_C_LANGUAGE_STANDARD = gnu17;
				GCC_DYNAMIC_NO_PIC = NO;
				GCC_NO_COMMON_BLOCKS = YES;
				GCC_OPTIMIZATION_LEVEL = 0;
				GCC_PREPROCESSOR_DEFINITIONS = (
					"DEBUG=1",
					"$(inherited)",
				);
				GCC_WARN_64_TO_32_BIT_CONVERSION = YES;
				GCC_WARN_ABOUT_RETURN_TYPE = YES_ERROR;
				GCC_WARN_UNDECLARED_SELECTOR = YES;
				GCC_WARN_UNINITIALIZED_AUTOS = YES_AGGRESSIVE;
				GCC_WARN_UNUSED_FUNCTION = YES;
				GCC_WARN_UNUSED_VARIABLE = YES;
				IPHONEOS_DEPLOYMENT_TARGET = 18.0;
				LOCALIZATION_PREFERS_STRING_CATALOGS = YES;
				MTL_ENABLE_DEBUG_INFO = INCLUDE_SOURCE;
				MTL_FAST_MATH = YES;
				ONLY_ACTIVE_ARCH = YES;
				SDKROOT = iphoneos;
				SWIFT_ACTIVE_COMPILATION_CONDITIONS = "DEBUG $(inherited)";
				SWIFT_OPTIMIZATION_LEVEL = "-Onone";
			};
			name = Debug;
		};
		0779F07B2C514915009D9987 /* Release */ = {
			isa = XCBuildConfiguration;
			buildSettings = {
				ALWAYS_SEARCH_USER_PATHS = NO;
				ASSETCATALOG_COMPILER_GENERATE_SWIFT_ASSET_SYMBOL_EXTENSIONS = YES;
				CLANG_ANALYZER_NONNULL = YES;
				CLANG_ANALYZER_NUMBER_OBJECT_CONVERSION = YES_AGGRESSIVE;
				CLANG_CXX_LANGUAGE_STANDARD = "gnu++20";
				CLANG_ENABLE_MODULES = YES;
				CLANG_ENABLE_OBJC_ARC = YES;
				CLANG_ENABLE_OBJC_WEAK = YES;
				CLANG_WARN_BLOCK_CAPTURE_AUTORELEASING = YES;
				CLANG_WARN_BOOL_CONVERSION = YES;
				CLANG_WARN_COMMA = YES;
				CLANG_WARN_CONSTANT_CONVERSION = YES;
				CLANG_WARN_DEPRECATED_OBJC_IMPLEMENTATIONS = YES;
				CLANG_WARN_DIRECT_OBJC_ISA_USAGE = YES_ERROR;
				CLANG_WARN_DOCUMENTATION_COMMENTS = YES;
				CLANG_WARN_EMPTY_BODY = YES;
				CLANG_WARN_ENUM_CONVERSION = YES;
				CLANG_WARN_INFINITE_RECURSION = YES;
				CLANG_WARN_INT_CONVERSION = YES;
				CLANG_WARN_NON_LITERAL_NULL_CONVERSION = YES;
				CLANG_WARN_OBJC_IMPLICIT_RETAIN_SELF = YES;
				CLANG_WARN_OBJC_LITERAL_CONVERSION = YES;
				CLANG_WARN_OBJC_ROOT_CLASS = YES_ERROR;
				CLANG_WARN_QUOTED_INCLUDE_IN_FRAMEWORK_HEADER = YES;
				CLANG_WARN_RANGE_LOOP_ANALYSIS = YES;
				CLANG_WARN_STRICT_PROTOTYPES = YES;
				CLANG_WARN_SUSPICIOUS_MOVE = YES;
				CLANG_WARN_UNGUARDED_AVAILABILITY = YES_AGGRESSIVE;
				CLANG_WARN_UNREACHABLE_CODE = YES;
				CLANG_WARN__DUPLICATE_METHOD_MATCH = YES;
				COPY_PHASE_STRIP = NO;
				DEBUG_INFORMATION_FORMAT = "dwarf-with-dsym";
				ENABLE_NS_ASSERTIONS = NO;
				ENABLE_STRICT_OBJC_MSGSEND = YES;
				ENABLE_USER_SCRIPT_SANDBOXING = YES;
				GCC_C_LANGUAGE_STANDARD = gnu17;
				GCC_NO_COMMON_BLOCKS = YES;
				GCC_WARN_64_TO_32_BIT_CONVERSION = YES;
				GCC_WARN_ABOUT_RETURN_TYPE = YES_ERROR;
				GCC_WARN_UNDECLARED_SELECTOR = YES;
				GCC_WARN_UNINITIALIZED_AUTOS = YES_AGGRESSIVE;
				GCC_WARN_UNUSED_FUNCTION = YES;
				GCC_WARN_UNUSED_VARIABLE = YES;
				IPHONEOS_DEPLOYMENT_TARGET = 18.0;
				LOCALIZATION_PREFERS_STRING_CATALOGS = YES;
				MTL_ENABLE_DEBUG_INFO = NO;
				MTL_FAST_MATH = YES;
				SDKROOT = iphoneos;
				SWIFT_COMPILATION_MODE = wholemodule;
				VALIDATE_PRODUCT = YES;
			};
			name = Release;
		};
		0779F07D2C514915009D9987 /* Debug */ = {
			isa = XCBuildConfiguration;
			buildSettings = {
				ASSETCATALOG_COMPILER_APPICON_NAME = AppIcon;
				ASSETCATALOG_COMPILER_GLOBAL_ACCENT_COLOR_NAME = AccentColor;
				CODE_SIGN_STYLE = Automatic;
				CURRENT_PROJECT_VERSION = 1;
				DEVELOPMENT_ASSET_PATHS = "\"SwiftUI Examples/Preview Content\"";
				DEVELOPMENT_TEAM = P5K444356C;
				ENABLE_PREVIEWS = YES;
				GENERATE_INFOPLIST_FILE = YES;
				INFOPLIST_KEY_UIApplicationSceneManifest_Generation = YES;
				INFOPLIST_KEY_UIApplicationSupportsIndirectInputEvents = YES;
				INFOPLIST_KEY_UILaunchScreen_Generation = YES;
				INFOPLIST_KEY_UISupportedInterfaceOrientations_iPad = "UIInterfaceOrientationPortrait UIInterfaceOrientationPortraitUpsideDown UIInterfaceOrientationLandscapeLeft UIInterfaceOrientationLandscapeRight";
				INFOPLIST_KEY_UISupportedInterfaceOrientations_iPhone = "UIInterfaceOrientationPortrait UIInterfaceOrientationLandscapeLeft UIInterfaceOrientationLandscapeRight";
				LD_RUNPATH_SEARCH_PATHS = (
					"$(inherited)",
					"@executable_path/Frameworks",
				);
				MARKETING_VERSION = 1.0;
				PRODUCT_BUNDLE_IDENTIFIER = "com.parpods.SwiftUI-Examples";
				PRODUCT_NAME = "$(TARGET_NAME)";
				SWIFT_EMIT_LOC_STRINGS = YES;
				SWIFT_VERSION = 5.0;
				TARGETED_DEVICE_FAMILY = "1,2";
			};
			name = Debug;
		};
		0779F07E2C514915009D9987 /* Release */ = {
			isa = XCBuildConfiguration;
			buildSettings = {
				ASSETCATALOG_COMPILER_APPICON_NAME = AppIcon;
				ASSETCATALOG_COMPILER_GLOBAL_ACCENT_COLOR_NAME = AccentColor;
				CODE_SIGN_STYLE = Automatic;
				CURRENT_PROJECT_VERSION = 1;
				DEVELOPMENT_ASSET_PATHS = "\"SwiftUI Examples/Preview Content\"";
				DEVELOPMENT_TEAM = P5K444356C;
				ENABLE_PREVIEWS = YES;
				GENERATE_INFOPLIST_FILE = YES;
				INFOPLIST_KEY_UIApplicationSceneManifest_Generation = YES;
				INFOPLIST_KEY_UIApplicationSupportsIndirectInputEvents = YES;
				INFOPLIST_KEY_UILaunchScreen_Generation = YES;
				INFOPLIST_KEY_UISupportedInterfaceOrientations_iPad = "UIInterfaceOrientationPortrait UIInterfaceOrientationPortraitUpsideDown UIInterfaceOrientationLandscapeLeft UIInterfaceOrientationLandscapeRight";
				INFOPLIST_KEY_UISupportedInterfaceOrientations_iPhone = "UIInterfaceOrientationPortrait UIInterfaceOrientationLandscapeLeft UIInterfaceOrientationLandscapeRight";
				LD_RUNPATH_SEARCH_PATHS = (
					"$(inherited)",
					"@executable_path/Frameworks",
				);
				MARKETING_VERSION = 1.0;
				PRODUCT_BUNDLE_IDENTIFIER = "com.parpods.SwiftUI-Examples";
				PRODUCT_NAME = "$(TARGET_NAME)";
				SWIFT_EMIT_LOC_STRINGS = YES;
				SWIFT_VERSION = 5.0;
				TARGETED_DEVICE_FAMILY = "1,2";
			};
			name = Release;
		};
/* End XCBuildConfiguration section */

/* Begin XCConfigurationList section */
		0779F0692C514914009D9987 /* Build configuration list for PBXProject "SwiftUI Examples" */ = {
			isa = XCConfigurationList;
			buildConfigurations = (
				0779F07A2C514915009D9987 /* Debug */,
				0779F07B2C514915009D9987 /* Release */,
			);
			defaultConfigurationIsVisible = 0;
			defaultConfigurationName = Release;
		};
		0779F07C2C514915009D9987 /* Build configuration list for PBXNativeTarget "SwiftUI Examples" */ = {
			isa = XCConfigurationList;
			buildConfigurations = (
				0779F07D2C514915009D9987 /* Debug */,
				0779F07E2C514915009D9987 /* Release */,
			);
			defaultConfigurationIsVisible = 0;
			defaultConfigurationName = Release;
		};
/* End XCConfigurationList section */
	};
	rootObject = 0779F0662C514914009D9987 /* Project object */;
}
